// !$*UTF8*$!
{
	archiveVersion = 1;
	classes = {
	};
	objectVersion = 48;
	objects = {

/* Begin PBXBuildFile section */
		82436E7C1FEB9E2800422096 /* AppDelegate.swift in Sources */ = {isa = PBXBuildFile; fileRef = 82436E7B1FEB9E2800422096 /* AppDelegate.swift */; };
		82436E7E1FEB9E2800422096 /* Assets.xcassets in Resources */ = {isa = PBXBuildFile; fileRef = 82436E7D1FEB9E2800422096 /* Assets.xcassets */; };
		82436E811FEB9E2800422096 /* MainMenu.xib in Resources */ = {isa = PBXBuildFile; fileRef = 82436E7F1FEB9E2800422096 /* MainMenu.xib */; };
		82436E901FEB9E4A00422096 /* Cocoa.framework in Frameworks */ = {isa = PBXBuildFile; fileRef = 82436E8F1FEB9E4A00422096 /* Cocoa.framework */; };
		82436E931FEB9E4A00422096 /* SafariExtensionHandler.swift in Sources */ = {isa = PBXBuildFile; fileRef = 82436E921FEB9E4A00422096 /* SafariExtensionHandler.swift */; };
		82436E951FEB9E4A00422096 /* SafariExtensionViewController.swift in Sources */ = {isa = PBXBuildFile; fileRef = 82436E941FEB9E4A00422096 /* SafariExtensionViewController.swift */; };
		82436E981FEB9E4A00422096 /* SafariExtensionViewController.xib in Resources */ = {isa = PBXBuildFile; fileRef = 82436E961FEB9E4A00422096 /* SafariExtensionViewController.xib */; };
		82436E9B1FEB9E4A00422096 /* script.js in Resources */ = {isa = PBXBuildFile; fileRef = 82436E9A1FEB9E4A00422096 /* script.js */; };
		82436EA11FEB9E4A00422096 /* eToro Helper Extension.appex in Embed App Extensions */ = {isa = PBXBuildFile; fileRef = 82436E8D1FEB9E4A00422096 /* eToro Helper Extension.appex */; settings = {ATTRIBUTES = (RemoveHeadersOnCopy, ); }; };
		82436EA91FEC5EB400422096 /* etoro-64x64.png in Resources */ = {isa = PBXBuildFile; fileRef = 82436EA61FEC5EB300422096 /* etoro-64x64.png */; };
		82436EAA1FEC5EB400422096 /* etoro-128x128.png in Resources */ = {isa = PBXBuildFile; fileRef = 82436EA71FEC5EB400422096 /* etoro-128x128.png */; };
/* End PBXBuildFile section */

/* Begin PBXContainerItemProxy section */
		82436E9F1FEB9E4A00422096 /* PBXContainerItemProxy */ = {
			isa = PBXContainerItemProxy;
			containerPortal = 82436E701FEB9E2800422096 /* Project object */;
			proxyType = 1;
			remoteGlobalIDString = 82436E8C1FEB9E4A00422096;
			remoteInfo = "eToro Helper Extension";
		};
/* End PBXContainerItemProxy section */

/* Begin PBXCopyFilesBuildPhase section */
		82436EA51FEB9E4A00422096 /* Embed App Extensions */ = {
			isa = PBXCopyFilesBuildPhase;
			buildActionMask = 2147483647;
			dstPath = "";
			dstSubfolderSpec = 13;
			files = (
				82436EA11FEB9E4A00422096 /* eToro Helper Extension.appex in Embed App Extensions */,
			);
			name = "Embed App Extensions";
			runOnlyForDeploymentPostprocessing = 0;
		};
/* End PBXCopyFilesBuildPhase section */

/* Begin PBXFileReference section */
		82436E781FEB9E2800422096 /* eToro Helper DEV.app */ = {isa = PBXFileReference; explicitFileType = wrapper.application; includeInIndex = 0; path = "eToro Helper DEV.app"; sourceTree = BUILT_PRODUCTS_DIR; };
		82436E7B1FEB9E2800422096 /* AppDelegate.swift */ = {isa = PBXFileReference; lastKnownFileType = sourcecode.swift; path = AppDelegate.swift; sourceTree = "<group>"; };
		82436E7D1FEB9E2800422096 /* Assets.xcassets */ = {isa = PBXFileReference; lastKnownFileType = folder.assetcatalog; path = Assets.xcassets; sourceTree = "<group>"; };
		82436E801FEB9E2800422096 /* Base */ = {isa = PBXFileReference; lastKnownFileType = file.xib; name = Base; path = Base.lproj/MainMenu.xib; sourceTree = "<group>"; };
		82436E821FEB9E2800422096 /* Info.plist */ = {isa = PBXFileReference; lastKnownFileType = text.plist.xml; path = Info.plist; sourceTree = "<group>"; };
		82436E831FEB9E2800422096 /* eToro_Helper.entitlements */ = {isa = PBXFileReference; lastKnownFileType = text.plist.entitlements; path = eToro_Helper.entitlements; sourceTree = "<group>"; };
		82436E8D1FEB9E4A00422096 /* eToro Helper Extension.appex */ = {isa = PBXFileReference; explicitFileType = "wrapper.app-extension"; includeInIndex = 0; path = "eToro Helper Extension.appex"; sourceTree = BUILT_PRODUCTS_DIR; };
		82436E8F1FEB9E4A00422096 /* Cocoa.framework */ = {isa = PBXFileReference; lastKnownFileType = wrapper.framework; name = Cocoa.framework; path = System/Library/Frameworks/Cocoa.framework; sourceTree = SDKROOT; };
		82436E921FEB9E4A00422096 /* SafariExtensionHandler.swift */ = {isa = PBXFileReference; lastKnownFileType = sourcecode.swift; path = SafariExtensionHandler.swift; sourceTree = "<group>"; };
		82436E941FEB9E4A00422096 /* SafariExtensionViewController.swift */ = {isa = PBXFileReference; lastKnownFileType = sourcecode.swift; path = SafariExtensionViewController.swift; sourceTree = "<group>"; };
		82436E971FEB9E4A00422096 /* Base */ = {isa = PBXFileReference; lastKnownFileType = file.xib; name = Base; path = Base.lproj/SafariExtensionViewController.xib; sourceTree = "<group>"; };
		82436E991FEB9E4A00422096 /* Info.plist */ = {isa = PBXFileReference; lastKnownFileType = text.plist.xml; path = Info.plist; sourceTree = "<group>"; };
		82436E9A1FEB9E4A00422096 /* script.js */ = {isa = PBXFileReference; lastKnownFileType = sourcecode.javascript; path = script.js; sourceTree = "<group>"; };
		82436E9E1FEB9E4A00422096 /* eToro_Helper_Extension.entitlements */ = {isa = PBXFileReference; lastKnownFileType = text.plist.entitlements; path = eToro_Helper_Extension.entitlements; sourceTree = "<group>"; };
		82436EA61FEC5EB300422096 /* etoro-64x64.png */ = {isa = PBXFileReference; lastKnownFileType = image.png; path = "etoro-64x64.png"; sourceTree = "<group>"; };
		82436EA71FEC5EB400422096 /* etoro-128x128.png */ = {isa = PBXFileReference; lastKnownFileType = image.png; path = "etoro-128x128.png"; sourceTree = "<group>"; };
/* End PBXFileReference section */

/* Begin PBXFrameworksBuildPhase section */
		82436E751FEB9E2800422096 /* Frameworks */ = {
			isa = PBXFrameworksBuildPhase;
			buildActionMask = 2147483647;
			files = (
			);
			runOnlyForDeploymentPostprocessing = 0;
		};
		82436E8A1FEB9E4A00422096 /* Frameworks */ = {
			isa = PBXFrameworksBuildPhase;
			buildActionMask = 2147483647;
			files = (
				82436E901FEB9E4A00422096 /* Cocoa.framework in Frameworks */,
			);
			runOnlyForDeploymentPostprocessing = 0;
		};
/* End PBXFrameworksBuildPhase section */

/* Begin PBXGroup section */
		821C8D7C1FED2297001D3334 /* Resources */ = {
			isa = PBXGroup;
			children = (
				82436E7D1FEB9E2800422096 /* Assets.xcassets */,
				82436EA71FEC5EB400422096 /* etoro-128x128.png */,
				82436EA61FEC5EB300422096 /* etoro-64x64.png */,
				82436E9A1FEB9E4A00422096 /* script.js */,
			);
			path = Resources;
			sourceTree = "<group>";
		};
		82436E6F1FEB9E2800422096 = {
			isa = PBXGroup;
			children = (
				821C8D7C1FED2297001D3334 /* Resources */,
				82436E7A1FEB9E2800422096 /* eToro Helper */,
				82436E911FEB9E4A00422096 /* eToro Helper Extension */,
				82436E8E1FEB9E4A00422096 /* Frameworks */,
				82436E791FEB9E2800422096 /* Products */,
			);
			sourceTree = "<group>";
		};
		82436E791FEB9E2800422096 /* Products */ = {
			isa = PBXGroup;
			children = (
				82436E781FEB9E2800422096 /* eToro Helper DEV.app */,
				82436E8D1FEB9E4A00422096 /* eToro Helper Extension.appex */,
			);
			name = Products;
			sourceTree = "<group>";
		};
		82436E7A1FEB9E2800422096 /* eToro Helper */ = {
			isa = PBXGroup;
			children = (
				82436E7B1FEB9E2800422096 /* AppDelegate.swift */,
				82436E7F1FEB9E2800422096 /* MainMenu.xib */,
				82436E821FEB9E2800422096 /* Info.plist */,
				82436E831FEB9E2800422096 /* eToro_Helper.entitlements */,
			);
			path = "eToro Helper";
			sourceTree = "<group>";
		};
		82436E8E1FEB9E4A00422096 /* Frameworks */ = {
			isa = PBXGroup;
			children = (
				82436E8F1FEB9E4A00422096 /* Cocoa.framework */,
			);
			name = Frameworks;
			sourceTree = "<group>";
		};
		82436E911FEB9E4A00422096 /* eToro Helper Extension */ = {
			isa = PBXGroup;
			children = (
				82436E921FEB9E4A00422096 /* SafariExtensionHandler.swift */,
				82436E941FEB9E4A00422096 /* SafariExtensionViewController.swift */,
				82436E961FEB9E4A00422096 /* SafariExtensionViewController.xib */,
				82436E991FEB9E4A00422096 /* Info.plist */,
				82436E9E1FEB9E4A00422096 /* eToro_Helper_Extension.entitlements */,
			);
			path = "eToro Helper Extension";
			sourceTree = "<group>";
		};
/* End PBXGroup section */

/* Begin PBXNativeTarget section */
		82436E771FEB9E2800422096 /* eToro Helper */ = {
			isa = PBXNativeTarget;
			buildConfigurationList = 82436E861FEB9E2800422096 /* Build configuration list for PBXNativeTarget "eToro Helper" */;
			buildPhases = (
				82436E741FEB9E2800422096 /* Sources */,
				82436E751FEB9E2800422096 /* Frameworks */,
				82436E761FEB9E2800422096 /* Resources */,
				82436EA51FEB9E4A00422096 /* Embed App Extensions */,
			);
			buildRules = (
			);
			dependencies = (
				82436EA01FEB9E4A00422096 /* PBXTargetDependency */,
			);
			name = "eToro Helper";
			productName = "eToro Helper";
			productReference = 82436E781FEB9E2800422096 /* eToro Helper DEV.app */;
			productType = "com.apple.product-type.application";
		};
		82436E8C1FEB9E4A00422096 /* eToro Helper Extension */ = {
			isa = PBXNativeTarget;
			buildConfigurationList = 82436EA21FEB9E4A00422096 /* Build configuration list for PBXNativeTarget "eToro Helper Extension" */;
			buildPhases = (
				82436E891FEB9E4A00422096 /* Sources */,
				82436E8A1FEB9E4A00422096 /* Frameworks */,
				82436E8B1FEB9E4A00422096 /* Resources */,
			);
			buildRules = (
			);
			dependencies = (
			);
			name = "eToro Helper Extension";
			productName = "eToro Helper Extension";
			productReference = 82436E8D1FEB9E4A00422096 /* eToro Helper Extension.appex */;
			productType = "com.apple.product-type.app-extension";
		};
/* End PBXNativeTarget section */

/* Begin PBXProject section */
		82436E701FEB9E2800422096 /* Project object */ = {
			isa = PBXProject;
			attributes = {
				LastSwiftUpdateCheck = 0920;
				LastUpgradeCheck = 0920;
				ORGANIZATIONNAME = "Rares Hadarean";
				TargetAttributes = {
					82436E771FEB9E2800422096 = {
						CreatedOnToolsVersion = 9.2;
						ProvisioningStyle = Automatic;
					};
					82436E8C1FEB9E4A00422096 = {
						CreatedOnToolsVersion = 9.2;
						ProvisioningStyle = Automatic;
					};
				};
			};
			buildConfigurationList = 82436E731FEB9E2800422096 /* Build configuration list for PBXProject "eToro Helper" */;
			compatibilityVersion = "Xcode 8.0";
			developmentRegion = en;
			hasScannedForEncodings = 0;
			knownRegions = (
				en,
				Base,
			);
			mainGroup = 82436E6F1FEB9E2800422096;
			productRefGroup = 82436E791FEB9E2800422096 /* Products */;
			projectDirPath = "";
			projectRoot = "";
			targets = (
				82436E771FEB9E2800422096 /* eToro Helper */,
				82436E8C1FEB9E4A00422096 /* eToro Helper Extension */,
			);
		};
/* End PBXProject section */

/* Begin PBXResourcesBuildPhase section */
		82436E761FEB9E2800422096 /* Resources */ = {
			isa = PBXResourcesBuildPhase;
			buildActionMask = 2147483647;
			files = (
				82436E7E1FEB9E2800422096 /* Assets.xcassets in Resources */,
				82436E811FEB9E2800422096 /* MainMenu.xib in Resources */,
			);
			runOnlyForDeploymentPostprocessing = 0;
		};
		82436E8B1FEB9E4A00422096 /* Resources */ = {
			isa = PBXResourcesBuildPhase;
			buildActionMask = 2147483647;
			files = (
				82436EA91FEC5EB400422096 /* etoro-64x64.png in Resources */,
				82436EAA1FEC5EB400422096 /* etoro-128x128.png in Resources */,
				82436E981FEB9E4A00422096 /* SafariExtensionViewController.xib in Resources */,
				82436E9B1FEB9E4A00422096 /* script.js in Resources */,
			);
			runOnlyForDeploymentPostprocessing = 0;
		};
/* End PBXResourcesBuildPhase section */

/* Begin PBXSourcesBuildPhase section */
		82436E741FEB9E2800422096 /* Sources */ = {
			isa = PBXSourcesBuildPhase;
			buildActionMask = 2147483647;
			files = (
				82436E7C1FEB9E2800422096 /* AppDelegate.swift in Sources */,
			);
			runOnlyForDeploymentPostprocessing = 0;
		};
		82436E891FEB9E4A00422096 /* Sources */ = {
			isa = PBXSourcesBuildPhase;
			buildActionMask = 2147483647;
			files = (
				82436E951FEB9E4A00422096 /* SafariExtensionViewController.swift in Sources */,
				82436E931FEB9E4A00422096 /* SafariExtensionHandler.swift in Sources */,
			);
			runOnlyForDeploymentPostprocessing = 0;
		};
/* End PBXSourcesBuildPhase section */

/* Begin PBXTargetDependency section */
		82436EA01FEB9E4A00422096 /* PBXTargetDependency */ = {
			isa = PBXTargetDependency;
			target = 82436E8C1FEB9E4A00422096 /* eToro Helper Extension */;
			targetProxy = 82436E9F1FEB9E4A00422096 /* PBXContainerItemProxy */;
		};
/* End PBXTargetDependency section */

/* Begin PBXVariantGroup section */
		82436E7F1FEB9E2800422096 /* MainMenu.xib */ = {
			isa = PBXVariantGroup;
			children = (
				82436E801FEB9E2800422096 /* Base */,
			);
			name = MainMenu.xib;
			sourceTree = "<group>";
		};
		82436E961FEB9E4A00422096 /* SafariExtensionViewController.xib */ = {
			isa = PBXVariantGroup;
			children = (
				82436E971FEB9E4A00422096 /* Base */,
			);
			name = SafariExtensionViewController.xib;
			sourceTree = "<group>";
		};
/* End PBXVariantGroup section */

/* Begin XCBuildConfiguration section */
		82436E841FEB9E2800422096 /* Debug */ = {
			isa = XCBuildConfiguration;
			buildSettings = {
				ALWAYS_SEARCH_USER_PATHS = NO;
				CLANG_ANALYZER_NONNULL = YES;
				CLANG_ANALYZER_NUMBER_OBJECT_CONVERSION = YES_AGGRESSIVE;
				CLANG_CXX_LANGUAGE_STANDARD = "gnu++14";
				CLANG_CXX_LIBRARY = "libc++";
				CLANG_ENABLE_MODULES = YES;
				CLANG_ENABLE_OBJC_ARC = YES;
				CLANG_WARN_BLOCK_CAPTURE_AUTORELEASING = YES;
				CLANG_WARN_BOOL_CONVERSION = YES;
				CLANG_WARN_COMMA = YES;
				CLANG_WARN_CONSTANT_CONVERSION = YES;
				CLANG_WARN_DIRECT_OBJC_ISA_USAGE = YES_ERROR;
				CLANG_WARN_DOCUMENTATION_COMMENTS = YES;
				CLANG_WARN_EMPTY_BODY = YES;
				CLANG_WARN_ENUM_CONVERSION = YES;
				CLANG_WARN_INFINITE_RECURSION = YES;
				CLANG_WARN_INT_CONVERSION = YES;
				CLANG_WARN_NON_LITERAL_NULL_CONVERSION = YES;
				CLANG_WARN_OBJC_LITERAL_CONVERSION = YES;
				CLANG_WARN_OBJC_ROOT_CLASS = YES_ERROR;
				CLANG_WARN_RANGE_LOOP_ANALYSIS = YES;
				CLANG_WARN_STRICT_PROTOTYPES = YES;
				CLANG_WARN_SUSPICIOUS_MOVE = YES;
				CLANG_WARN_UNGUARDED_AVAILABILITY = YES_AGGRESSIVE;
				CLANG_WARN_UNREACHABLE_CODE = YES;
				CLANG_WARN__DUPLICATE_METHOD_MATCH = YES;
				CODE_SIGN_IDENTITY = "-";
				COPY_PHASE_STRIP = NO;
				DEBUG_INFORMATION_FORMAT = dwarf;
				ENABLE_STRICT_OBJC_MSGSEND = YES;
				ENABLE_TESTABILITY = YES;
				GCC_C_LANGUAGE_STANDARD = gnu11;
				GCC_DYNAMIC_NO_PIC = NO;
				GCC_NO_COMMON_BLOCKS = YES;
				GCC_OPTIMIZATION_LEVEL = 0;
				GCC_PREPROCESSOR_DEFINITIONS = (
					"DEBUG=1",
					"$(inherited)",
				);
				GCC_WARN_64_TO_32_BIT_CONVERSION = YES;
				GCC_WARN_ABOUT_RETURN_TYPE = YES_ERROR;
				GCC_WARN_UNDECLARED_SELECTOR = YES;
				GCC_WARN_UNINITIALIZED_AUTOS = YES_AGGRESSIVE;
				GCC_WARN_UNUSED_FUNCTION = YES;
				GCC_WARN_UNUSED_VARIABLE = YES;
				MACOSX_DEPLOYMENT_TARGET = 10.13;
				MTL_ENABLE_DEBUG_INFO = YES;
				ONLY_ACTIVE_ARCH = YES;
				SDKROOT = macosx;
				SWIFT_ACTIVE_COMPILATION_CONDITIONS = DEBUG;
				SWIFT_OPTIMIZATION_LEVEL = "-Onone";
			};
			name = Debug;
		};
		82436E851FEB9E2800422096 /* Release */ = {
			isa = XCBuildConfiguration;
			buildSettings = {
				ALWAYS_SEARCH_USER_PATHS = NO;
				CLANG_ANALYZER_NONNULL = YES;
				CLANG_ANALYZER_NUMBER_OBJECT_CONVERSION = YES_AGGRESSIVE;
				CLANG_CXX_LANGUAGE_STANDARD = "gnu++14";
				CLANG_CXX_LIBRARY = "libc++";
				CLANG_ENABLE_MODULES = YES;
				CLANG_ENABLE_OBJC_ARC = YES;
				CLANG_WARN_BLOCK_CAPTURE_AUTORELEASING = YES;
				CLANG_WARN_BOOL_CONVERSION = YES;
				CLANG_WARN_COMMA = YES;
				CLANG_WARN_CONSTANT_CONVERSION = YES;
				CLANG_WARN_DIRECT_OBJC_ISA_USAGE = YES_ERROR;
				CLANG_WARN_DOCUMENTATION_COMMENTS = YES;
				CLANG_WARN_EMPTY_BODY = YES;
				CLANG_WARN_ENUM_CONVERSION = YES;
				CLANG_WARN_INFINITE_RECURSION = YES;
				CLANG_WARN_INT_CONVERSION = YES;
				CLANG_WARN_NON_LITERAL_NULL_CONVERSION = YES;
				CLANG_WARN_OBJC_LITERAL_CONVERSION = YES;
				CLANG_WARN_OBJC_ROOT_CLASS = YES_ERROR;
				CLANG_WARN_RANGE_LOOP_ANALYSIS = YES;
				CLANG_WARN_STRICT_PROTOTYPES = YES;
				CLANG_WARN_SUSPICIOUS_MOVE = YES;
				CLANG_WARN_UNGUARDED_AVAILABILITY = YES_AGGRESSIVE;
				CLANG_WARN_UNREACHABLE_CODE = YES;
				CLANG_WARN__DUPLICATE_METHOD_MATCH = YES;
				CODE_SIGN_IDENTITY = "-";
				COPY_PHASE_STRIP = NO;
				DEBUG_INFORMATION_FORMAT = "dwarf-with-dsym";
				ENABLE_NS_ASSERTIONS = NO;
				ENABLE_STRICT_OBJC_MSGSEND = YES;
				GCC_C_LANGUAGE_STANDARD = gnu11;
				GCC_NO_COMMON_BLOCKS = YES;
				GCC_WARN_64_TO_32_BIT_CONVERSION = YES;
				GCC_WARN_ABOUT_RETURN_TYPE = YES_ERROR;
				GCC_WARN_UNDECLARED_SELECTOR = YES;
				GCC_WARN_UNINITIALIZED_AUTOS = YES_AGGRESSIVE;
				GCC_WARN_UNUSED_FUNCTION = YES;
				GCC_WARN_UNUSED_VARIABLE = YES;
				MACOSX_DEPLOYMENT_TARGET = 10.13;
				MTL_ENABLE_DEBUG_INFO = NO;
				SDKROOT = macosx;
				SWIFT_OPTIMIZATION_LEVEL = "-Owholemodule";
			};
			name = Release;
		};
		82436E871FEB9E2800422096 /* Debug */ = {
			isa = XCBuildConfiguration;
			buildSettings = {
				ALWAYS_EMBED_SWIFT_STANDARD_LIBRARIES = YES;
				ASSETCATALOG_COMPILER_APPICON_NAME = AppIcon;
				CODE_SIGN_ENTITLEMENTS = "eToro Helper/eToro_Helper.entitlements";
				CODE_SIGN_IDENTITY = "Mac Developer";
				CODE_SIGN_STYLE = Automatic;
				COMBINE_HIDPI_IMAGES = YES;
				DEVELOPMENT_TEAM = 33JU5C894V;
				INFOPLIST_FILE = "eToro Helper/Info.plist";
				LD_RUNPATH_SEARCH_PATHS = "$(inherited) @executable_path/../Frameworks";
				MACOSX_DEPLOYMENT_TARGET = 10.12;
				PRODUCT_BUNDLE_IDENTIFIER = "ro.rhadarean.etoro-helper";
				PRODUCT_NAME = "$(TARGET_NAME) DEV";
				PROVISIONING_PROFILE_SPECIFIER = "";
				SWIFT_VERSION = 4.0;
			};
			name = Debug;
		};
		82436E881FEB9E2800422096 /* Release */ = {
			isa = XCBuildConfiguration;
			buildSettings = {
				ALWAYS_EMBED_SWIFT_STANDARD_LIBRARIES = YES;
				ASSETCATALOG_COMPILER_APPICON_NAME = AppIcon;
				CODE_SIGN_ENTITLEMENTS = "eToro Helper/eToro_Helper.entitlements";
				CODE_SIGN_IDENTITY = "Mac Developer";
				CODE_SIGN_STYLE = Automatic;
				COMBINE_HIDPI_IMAGES = YES;
				DEVELOPMENT_TEAM = 33JU5C894V;
				INFOPLIST_FILE = "eToro Helper/Info.plist";
				LD_RUNPATH_SEARCH_PATHS = "$(inherited) @executable_path/../Frameworks";
				MACOSX_DEPLOYMENT_TARGET = 10.12;
				PRODUCT_BUNDLE_IDENTIFIER = "ro.rhadarean.etoro-helper";
				PRODUCT_NAME = "$(TARGET_NAME)";
				PROVISIONING_PROFILE_SPECIFIER = "";
				SWIFT_VERSION = 4.0;
			};
			name = Release;
		};
		82436EA31FEB9E4A00422096 /* Debug */ = {
			isa = XCBuildConfiguration;
			buildSettings = {
				CODE_SIGN_ENTITLEMENTS = "eToro Helper Extension/eToro_Helper_Extension.entitlements";
				CODE_SIGN_IDENTITY = "Mac Developer";
				CODE_SIGN_STYLE = Automatic;
				DEVELOPMENT_TEAM = 33JU5C894V;
				INFOPLIST_FILE = "eToro Helper Extension/Info.plist";
				LD_RUNPATH_SEARCH_PATHS = "$(inherited) @executable_path/../Frameworks @executable_path/../../../../Frameworks";
				MACOSX_DEPLOYMENT_TARGET = 10.12;
				PRODUCT_BUNDLE_IDENTIFIER = "ro.rhadarean.etoro-helper.extension";
				PRODUCT_NAME = "$(TARGET_NAME)";
				PROVISIONING_PROFILE_SPECIFIER = "";
				SKIP_INSTALL = YES;
				SWIFT_VERSION = 4.0;
			};
			name = Debug;
		};
		82436EA41FEB9E4A00422096 /* Release */ = {
			isa = XCBuildConfiguration;
			buildSettings = {
				CODE_SIGN_ENTITLEMENTS = "eToro Helper Extension/eToro_Helper_Extension.entitlements";
				CODE_SIGN_IDENTITY = "Mac Developer";
				CODE_SIGN_STYLE = Automatic;
				DEVELOPMENT_TEAM = 33JU5C894V;
				INFOPLIST_FILE = "eToro Helper Extension/Info.plist";
				LD_RUNPATH_SEARCH_PATHS = "$(inherited) @executable_path/../Frameworks @executable_path/../../../../Frameworks";
				MACOSX_DEPLOYMENT_TARGET = 10.12;
				PRODUCT_BUNDLE_IDENTIFIER = "ro.rhadarean.etoro-helper.extension";
				PRODUCT_NAME = "$(TARGET_NAME)";
				PROVISIONING_PROFILE_SPECIFIER = "";
				SKIP_INSTALL = YES;
				SWIFT_VERSION = 4.0;
			};
			name = Release;
		};
/* End XCBuildConfiguration section */

/* Begin XCConfigurationList section */
		82436E731FEB9E2800422096 /* Build configuration list for PBXProject "eToro Helper" */ = {
			isa = XCConfigurationList;
			buildConfigurations = (
				82436E841FEB9E2800422096 /* Debug */,
				82436E851FEB9E2800422096 /* Release */,
			);
			defaultConfigurationIsVisible = 0;
			defaultConfigurationName = Release;
		};
		82436E861FEB9E2800422096 /* Build configuration list for PBXNativeTarget "eToro Helper" */ = {
			isa = XCConfigurationList;
			buildConfigurations = (
				82436E871FEB9E2800422096 /* Debug */,
				82436E881FEB9E2800422096 /* Release */,
			);
			defaultConfigurationIsVisible = 0;
			defaultConfigurationName = Release;
		};
		82436EA21FEB9E4A00422096 /* Build configuration list for PBXNativeTarget "eToro Helper Extension" */ = {
			isa = XCConfigurationList;
			buildConfigurations = (
				82436EA31FEB9E4A00422096 /* Debug */,
				82436EA41FEB9E4A00422096 /* Release */,
			);
			defaultConfigurationIsVisible = 0;
			defaultConfigurationName = Release;
		};
/* End XCConfigurationList section */
	};
	rootObject = 82436E701FEB9E2800422096 /* Project object */;
}
